// !$*UTF8*$!
{
	archiveVersion = 1;
	classes = {
	};
	objectVersion = 77;
	objects = {

/* Begin PBXBuildFile section */
		18EF75CF2E86763A0089D840 /* KeyboardToolbarViewController_2App.swift in Sources */ = {isa = PBXBuildFile; fileRef = 18EF75CE2E86763A0089D840 /* KeyboardToolbarViewController_2App.swift */; };
		18EF75D62E86763A0089D840 /* ContentView.swift in Sources */ = {isa = PBXBuildFile; fileRef = 18EF75D52E86763A0089D840 /* ContentView.swift */; };
/* End PBXBuildFile section */

/* Begin PBXContainerItemProxy section */
		18EF75E22E86763C0089D840 /* PBXContainerItemProxy */ = {
			isa = PBXContainerItemProxy;
			containerPortal = 18EF75C32E86763A0089D840 /* Project object */;
			proxyType = 1;
			remoteGlobalIDString = 18EF75CA2E86763A0089D840;
			remoteInfo = KeyboardToolbarViewController_2;
		};
		18EF75EC2E86763C0089D840 /* PBXContainerItemProxy */ = {
			isa = PBXContainerItemProxy;
			containerPortal = 18EF75C32E86763A0089D840 /* Project object */;
			proxyType = 1;
			remoteGlobalIDString = 18EF75CA2E86763A0089D840;
			remoteInfo = KeyboardToolbarViewController_2;
		};
/* End PBXContainerItemProxy section */

/* Begin PBXFileReference section */
		18EF75CB2E86763A0089D840 /* KeyboardToolbarViewController_2.app */ = {isa = PBXFileReference; explicitFileType = wrapper.application; includeInIndex = 0; path = KeyboardToolbarViewController_2.app; sourceTree = BUILT_PRODUCTS_DIR; };
		18EF75CE2E86763A0089D840 /* KeyboardToolbarViewController_2App.swift */ = {isa = PBXFileReference; lastKnownFileType = sourcecode.swift; path = KeyboardToolbarViewController_2App.swift; sourceTree = "<group>"; };
		18EF75D52E86763A0089D840 /* ContentView.swift */ = {isa = PBXFileReference; lastKnownFileType = sourcecode.swift; path = ContentView.swift; sourceTree = "<group>"; };
		18EF75E12E86763C0089D840 /* KeyboardToolbarViewController_2Tests.xctest */ = {isa = PBXFileReference; explicitFileType = wrapper.cfbundle; includeInIndex = 0; path = KeyboardToolbarViewController_2Tests.xctest; sourceTree = BUILT_PRODUCTS_DIR; };
		18EF75EB2E86763C0089D840 /* KeyboardToolbarViewController_2UITests.xctest */ = {isa = PBXFileReference; explicitFileType = wrapper.cfbundle; includeInIndex = 0; path = KeyboardToolbarViewController_2UITests.xctest; sourceTree = BUILT_PRODUCTS_DIR; };
/* End PBXFileReference section */

/* Begin PBXFileSystemSynchronizedRootGroup section */
		18EF75CD2E86763A0089D840 /* KeyboardToolbarViewController_2 */ = {
			isa = PBXFileSystemSynchronizedRootGroup;
			path = KeyboardToolbarViewController_2;
			sourceTree = "<group>";
		};
		18EF75E42E86763C0089D840 /* KeyboardToolbarViewController_2Tests */ = {
			isa = PBXFileSystemSynchronizedRootGroup;
			path = KeyboardToolbarViewController_2Tests;
			sourceTree = "<group>";
		};
		18EF75EE2E86763C0089D840 /* KeyboardToolbarViewController_2UITests */ = {
			isa = PBXFileSystemSynchronizedRootGroup;
			path = KeyboardToolbarViewController_2UITests;
			sourceTree = "<group>";
		};
/* End PBXFileSystemSynchronizedRootGroup section */

/* Begin PBXFrameworksBuildPhase section */
		18EF75C82E86763A0089D840 /* Frameworks */ = {
			isa = PBXFrameworksBuildPhase;
			buildActionMask = 2147483647;
			files = (
			);
			runOnlyForDeploymentPostprocessing = 0;
		};
		18EF75DE2E86763C0089D840 /* Frameworks */ = {
			isa = PBXFrameworksBuildPhase;
			buildActionMask = 2147483647;
			files = (
			);
			runOnlyForDeploymentPostprocessing = 0;
		};
		18EF75E82E86763C0089D840 /* Frameworks */ = {
			isa = PBXFrameworksBuildPhase;
			buildActionMask = 2147483647;
			files = (
			);
			runOnlyForDeploymentPostprocessing = 0;
		};
/* End PBXFrameworksBuildPhase section */

/* Begin PBXGroup section */
		18EF75C22E86763A0089D840 = {
			isa = PBXGroup;
			children = (
				18EF75D52E86763A0089D840 /* ContentView.swift */,
				18EF75CE2E86763A0089D840 /* KeyboardToolbarViewController_2App.swift */,
				18EF75CD2E86763A0089D840 /* KeyboardToolbarViewController_2 */,
				18EF75E42E86763C0089D840 /* KeyboardToolbarViewController_2Tests */,
				18EF75EE2E86763C0089D840 /* KeyboardToolbarViewController_2UITests */,
				18EF75CC2E86763A0089D840 /* Products */,
			);
			sourceTree = "<group>";
		};
		18EF75CC2E86763A0089D840 /* Products */ = {
			isa = PBXGroup;
			children = (
				18EF75CB2E86763A0089D840 /* KeyboardToolbarViewController_2.app */,
				18EF75E12E86763C0089D840 /* KeyboardToolbarViewController_2Tests.xctest */,
				18EF75EB2E86763C0089D840 /* KeyboardToolbarViewController_2UITests.xctest */,
			);
			name = Products;
			sourceTree = "<group>";
		};
/* End PBXGroup section */

/* Begin PBXNativeTarget section */
		18EF75CA2E86763A0089D840 /* KeyboardToolbarViewController_2 */ = {
			isa = PBXNativeTarget;
			buildConfigurationList = 18EF75F52E86763C0089D840 /* Build configuration list for PBXNativeTarget "KeyboardToolbarViewController_2" */;
			buildPhases = (
				18EF75C72E86763A0089D840 /* Sources */,
				18EF75C82E86763A0089D840 /* Frameworks */,
				18EF75C92E86763A0089D840 /* Resources */,
			);
			buildRules = (
			);
			dependencies = (
			);
			fileSystemSynchronizedGroups = (
				18EF75CD2E86763A0089D840 /* KeyboardToolbarViewController_2 */,
			);
			name = KeyboardToolbarViewController_2;
			packageProductDependencies = (
			);
			productName = KeyboardToolbarViewController_2;
			productReference = 18EF75CB2E86763A0089D840 /* KeyboardToolbarViewController_2.app */;
			productType = "com.apple.product-type.application";
		};
		18EF75E02E86763C0089D840 /* KeyboardToolbarViewController_2Tests */ = {
			isa = PBXNativeTarget;
			buildConfigurationList = 18EF75F82E86763C0089D840 /* Build configuration list for PBXNativeTarget "KeyboardToolbarViewController_2Tests" */;
			buildPhases = (
				18EF75DD2E86763C0089D840 /* Sources */,
				18EF75DE2E86763C0089D840 /* Frameworks */,
				18EF75DF2E86763C0089D840 /* Resources */,
			);
			buildRules = (
			);
			dependencies = (
				18EF75E32E86763C0089D840 /* PBXTargetDependency */,
			);
			fileSystemSynchronizedGroups = (
				18EF75E42E86763C0089D840 /* KeyboardToolbarViewController_2Tests */,
			);
			name = KeyboardToolbarViewController_2Tests;
			packageProductDependencies = (
			);
			productName = KeyboardToolbarViewController_2Tests;
			productReference = 18EF75E12E86763C0089D840 /* KeyboardToolbarViewController_2Tests.xctest */;
			productType = "com.apple.product-type.bundle.unit-test";
		};
		18EF75EA2E86763C0089D840 /* KeyboardToolbarViewController_2UITests */ = {
			isa = PBXNativeTarget;
			buildConfigurationList = 18EF75FB2E86763C0089D840 /* Build configuration list for PBXNativeTarget "KeyboardToolbarViewController_2UITests" */;
			buildPhases = (
				18EF75E72E86763C0089D840 /* Sources */,
				18EF75E82E86763C0089D840 /* Frameworks */,
				18EF75E92E86763C0089D840 /* Resources */,
			);
			buildRules = (
			);
			dependencies = (
				18EF75ED2E86763C0089D840 /* PBXTargetDependency */,
			);
			fileSystemSynchronizedGroups = (
				18EF75EE2E86763C0089D840 /* KeyboardToolbarViewController_2UITests */,
			);
			name = KeyboardToolbarViewController_2UITests;
			packageProductDependencies = (
			);
			productName = KeyboardToolbarViewController_2UITests;
			productReference = 18EF75EB2E86763C0089D840 /* KeyboardToolbarViewController_2UITests.xctest */;
			productType = "com.apple.product-type.bundle.ui-testing";
		};
/* End PBXNativeTarget section */

/* Begin PBXProject section */
		18EF75C32E86763A0089D840 /* Project object */ = {
			isa = PBXProject;
			attributes = {
				BuildIndependentTargetsInParallel = 1;
				LastSwiftUpdateCheck = 1620;
				LastUpgradeCheck = 1620;
				TargetAttributes = {
					18EF75CA2E86763A0089D840 = {
						CreatedOnToolsVersion = 16.2;
					};
					18EF75E02E86763C0089D840 = {
						CreatedOnToolsVersion = 16.2;
						TestTargetID = 18EF75CA2E86763A0089D840;
					};
					18EF75EA2E86763C0089D840 = {
						CreatedOnToolsVersion = 16.2;
						TestTargetID = 18EF75CA2E86763A0089D840;
					};
				};
			};
			buildConfigurationList = 18EF75C62E86763A0089D840 /* Build configuration list for PBXProject "KeyboardToolbarViewController_2" */;
			developmentRegion = en;
			hasScannedForEncodings = 0;
			knownRegions = (
				en,
				Base,
			);
			mainGroup = 18EF75C22E86763A0089D840;
			minimizedProjectReferenceProxies = 1;
			preferredProjectObjectVersion = 77;
			productRefGroup = 18EF75CC2E86763A0089D840 /* Products */;
			projectDirPath = "";
			projectRoot = "";
			targets = (
				18EF75CA2E86763A0089D840 /* KeyboardToolbarViewController_2 */,
				18EF75E02E86763C0089D840 /* KeyboardToolbarViewController_2Tests */,
				18EF75EA2E86763C0089D840 /* KeyboardToolbarViewController_2UITests */,
			);
		};
/* End PBXProject section */

/* Begin PBXResourcesBuildPhase section */
		18EF75C92E86763A0089D840 /* Resources */ = {
			isa = PBXResourcesBuildPhase;
			buildActionMask = 2147483647;
			files = (
			);
			runOnlyForDeploymentPostprocessing = 0;
		};
		18EF75DF2E86763C0089D840 /* Resources */ = {
			isa = PBXResourcesBuildPhase;
			buildActionMask = 2147483647;
			files = (
			);
			runOnlyForDeploymentPostprocessing = 0;
		};
		18EF75E92E86763C0089D840 /* Resources */ = {
			isa = PBXResourcesBuildPhase;
			buildActionMask = 2147483647;
			files = (
			);
			runOnlyForDeploymentPostprocessing = 0;
		};
/* End PBXResourcesBuildPhase section */

/* Begin PBXSourcesBuildPhase section */
		18EF75C72E86763A0089D840 /* Sources */ = {
			isa = PBXSourcesBuildPhase;
			buildActionMask = 2147483647;
			files = (
				18EF75CF2E86763A0089D840 /* KeyboardToolbarViewController_2App.swift in Sources */,
				18EF75D62E86763A0089D840 /* ContentView.swift in Sources */,
			);
			runOnlyForDeploymentPostprocessing = 0;
		};
		18EF75DD2E86763C0089D840 /* Sources */ = {
			isa = PBXSourcesBuildPhase;
			buildActionMask = 2147483647;
			files = (
			);
			runOnlyForDeploymentPostprocessing = 0;
		};
		18EF75E72E86763C0089D840 /* Sources */ = {
			isa = PBXSourcesBuildPhase;
			buildActionMask = 2147483647;
			files = (
			);
			runOnlyForDeploymentPostprocessing = 0;
		};
/* End PBXSourcesBuildPhase section */

/* Begin PBXTargetDependency section */
		18EF75E32E86763C0089D840 /* PBXTargetDependency */ = {
			isa = PBXTargetDependency;
			target = 18EF75CA2E86763A0089D840 /* KeyboardToolbarViewController_2 */;
			targetProxy = 18EF75E22E86763C0089D840 /* PBXContainerItemProxy */;
		};
		18EF75ED2E86763C0089D840 /* PBXTargetDependency */ = {
			isa = PBXTargetDependency;
			target = 18EF75CA2E86763A0089D840 /* KeyboardToolbarViewController_2 */;
			targetProxy = 18EF75EC2E86763C0089D840 /* PBXContainerItemProxy */;
		};
/* End PBXTargetDependency section */

/* Begin XCBuildConfiguration section */
		18EF75F32E86763C0089D840 /* Debug */ = {
			isa = XCBuildConfiguration;
			buildSettings = {
				ALWAYS_SEARCH_USER_PATHS = NO;
				ASSETCATALOG_COMPILER_GENERATE_SWIFT_ASSET_SYMBOL_EXTENSIONS = YES;
				CLANG_ANALYZER_NONNULL = YES;
				CLANG_ANALYZER_NUMBER_OBJECT_CONVERSION = YES_AGGRESSIVE;
				CLANG_CXX_LANGUAGE_STANDARD = "gnu++20";
				CLANG_ENABLE_MODULES = YES;
				CLANG_ENABLE_OBJC_ARC = YES;
				CLANG_ENABLE_OBJC_WEAK = YES;
				CLANG_WARN_BLOCK_CAPTURE_AUTORELEASING = YES;
				CLANG_WARN_BOOL_CONVERSION = YES;
				CLANG_WARN_COMMA = YES;
				CLANG_WARN_CONSTANT_CONVERSION = YES;
				CLANG_WARN_DEPRECATED_OBJC_IMPLEMENTATIONS = YES;
				CLANG_WARN_DIRECT_OBJC_ISA_USAGE = YES_ERROR;
				CLANG_WARN_DOCUMENTATION_COMMENTS = YES;
				CLANG_WARN_EMPTY_BODY = YES;
				CLANG_WARN_ENUM_CONVERSION = YES;
				CLANG_WARN_INFINITE_RECURSION = YES;
				CLANG_WARN_INT_CONVERSION = YES;
				CLANG_WARN_NON_LITERAL_NULL_CONVERSION = YES;
				CLANG_WARN_OBJC_IMPLICIT_RETAIN_SELF = YES;
				CLANG_WARN_OBJC_LITERAL_CONVERSION = YES;
				CLANG_WARN_OBJC_ROOT_CLASS = YES_ERROR;
				CLANG_WARN_QUOTED_INCLUDE_IN_FRAMEWORK_HEADER = YES;
				CLANG_WARN_RANGE_LOOP_ANALYSIS = YES;
				CLANG_WARN_STRICT_PROTOTYPES = YES;
				CLANG_WARN_SUSPICIOUS_MOVE = YES;
				CLANG_WARN_UNGUARDED_AVAILABILITY = YES_AGGRESSIVE;
				CLANG_WARN_UNREACHABLE_CODE = YES;
				CLANG_WARN__DUPLICATE_METHOD_MATCH = YES;
				COPY_PHASE_STRIP = NO;
				DEBUG_INFORMATION_FORMAT = dwarf;
				ENABLE_STRICT_OBJC_MSGSEND = YES;
				ENABLE_TESTABILITY = YES;
				ENABLE_USER_SCRIPT_SANDBOXING = YES;
				GCC_C_LANGUAGE_STANDARD = gnu17;
				GCC_DYNAMIC_NO_PIC = NO;
				GCC_NO_COMMON_BLOCKS = YES;
				GCC_OPTIMIZATION_LEVEL = 0;
				GCC_PREPROCESSOR_DEFINITIONS = (
					"DEBUG=1",
					"$(inherited)",
				);
				GCC_WARN_64_TO_32_BIT_CONVERSION = YES;
				GCC_WARN_ABOUT_RETURN_TYPE = YES_ERROR;
				GCC_WARN_UNDECLARED_SELECTOR = YES;
				GCC_WARN_UNINITIALIZED_AUTOS = YES_AGGRESSIVE;
				GCC_WARN_UNUSED_FUNCTION = YES;
				GCC_WARN_UNUSED_VARIABLE = YES;
				LOCALIZATION_PREFERS_STRING_CATALOGS = YES;
				MTL_ENABLE_DEBUG_INFO = INCLUDE_SOURCE;
				MTL_FAST_MATH = YES;
				ONLY_ACTIVE_ARCH = YES;
				SWIFT_ACTIVE_COMPILATION_CONDITIONS = "DEBUG $(inherited)";
				SWIFT_OPTIMIZATION_LEVEL = "-Onone";
			};
			name = Debug;
		};
		18EF75F42E86763C0089D840 /* Release */ = {
			isa = XCBuildConfiguration;
			buildSettings = {
				ALWAYS_SEARCH_USER_PATHS = NO;
				ASSETCATALOG_COMPILER_GENERATE_SWIFT_ASSET_SYMBOL_EXTENSIONS = YES;
				CLANG_ANALYZER_NONNULL = YES;
				CLANG_ANALYZER_NUMBER_OBJECT_CONVERSION = YES_AGGRESSIVE;
				CLANG_CXX_LANGUAGE_STANDARD = "gnu++20";
				CLANG_ENABLE_MODULES = YES;
				CLANG_ENABLE_OBJC_ARC = YES;
				CLANG_ENABLE_OBJC_WEAK = YES;
				CLANG_WARN_BLOCK_CAPTURE_AUTORELEASING = YES;
				CLANG_WARN_BOOL_CONVERSION = YES;
				CLANG_WARN_COMMA = YES;
				CLANG_WARN_CONSTANT_CONVERSION = YES;
				CLANG_WARN_DEPRECATED_OBJC_IMPLEMENTATIONS = YES;
				CLANG_WARN_DIRECT_OBJC_ISA_USAGE = YES_ERROR;
				CLANG_WARN_DOCUMENTATION_COMMENTS = YES;
				CLANG_WARN_EMPTY_BODY = YES;
				CLANG_WARN_ENUM_CONVERSION = YES;
				CLANG_WARN_INFINITE_RECURSION = YES;
				CLANG_WARN_INT_CONVERSION = YES;
				CLANG_WARN_NON_LITERAL_NULL_CONVERSION = YES;
				CLANG_WARN_OBJC_IMPLICIT_RETAIN_SELF = YES;
				CLANG_WARN_OBJC_LITERAL_CONVERSION = YES;
				CLANG_WARN_OBJC_ROOT_CLASS = YES_ERROR;
				CLANG_WARN_QUOTED_INCLUDE_IN_FRAMEWORK_HEADER = YES;
				CLANG_WARN_RANGE_LOOP_ANALYSIS = YES;
				CLANG_WARN_STRICT_PROTOTYPES = YES;
				CLANG_WARN_SUSPICIOUS_MOVE = YES;
				CLANG_WARN_UNGUARDED_AVAILABILITY = YES_AGGRESSIVE;
				CLANG_WARN_UNREACHABLE_CODE = YES;
				CLANG_WARN__DUPLICATE_METHOD_MATCH = YES;
				COPY_PHASE_STRIP = NO;
				DEBUG_INFORMATION_FORMAT = "dwarf-with-dsym";
				ENABLE_NS_ASSERTIONS = NO;
				ENABLE_STRICT_OBJC_MSGSEND = YES;
				ENABLE_USER_SCRIPT_SANDBOXING = YES;
				GCC_C_LANGUAGE_STANDARD = gnu17;
				GCC_NO_COMMON_BLOCKS = YES;
				GCC_WARN_64_TO_32_BIT_CONVERSION = YES;
				GCC_WARN_ABOUT_RETURN_TYPE = YES_ERROR;
				GCC_WARN_UNDECLARED_SELECTOR = YES;
				GCC_WARN_UNINITIALIZED_AUTOS = YES_AGGRESSIVE;
				GCC_WARN_UNUSED_FUNCTION = YES;
				GCC_WARN_UNUSED_VARIABLE = YES;
				LOCALIZATION_PREFERS_STRING_CATALOGS = YES;
				MTL_ENABLE_DEBUG_INFO = NO;
				MTL_FAST_MATH = YES;
				SWIFT_COMPILATION_MODE = wholemodule;
			};
			name = Release;
		};
		18EF75F62E86763C0089D840 /* Debug */ = {
			isa = XCBuildConfiguration;
			buildSettings = {
				ASSETCATALOG_COMPILER_APPICON_NAME = AppIcon;
				ASSETCATALOG_COMPILER_GLOBAL_ACCENT_COLOR_NAME = AccentColor;
				CODE_SIGN_ENTITLEMENTS = KeyboardToolbarViewController_2/KeyboardToolbarViewController_2.entitlements;
				CODE_SIGN_STYLE = Automatic;
				CURRENT_PROJECT_VERSION = 1;
				DEVELOPMENT_ASSET_PATHS = "\"KeyboardToolbarViewController_2/Preview Content\"";
				DEVELOPMENT_TEAM = 36Z8VP4JN8;
				ENABLE_HARDENED_RUNTIME = YES;
				ENABLE_PREVIEWS = YES;
				GENERATE_INFOPLIST_FILE = YES;
				"INFOPLIST_KEY_UIApplicationSceneManifest_Generation[sdk=iphoneos*]" = YES;
				"INFOPLIST_KEY_UIApplicationSceneManifest_Generation[sdk=iphonesimulator*]" = YES;
				"INFOPLIST_KEY_UIApplicationSupportsIndirectInputEvents[sdk=iphoneos*]" = YES;
				"INFOPLIST_KEY_UIApplicationSupportsIndirectInputEvents[sdk=iphonesimulator*]" = YES;
				"INFOPLIST_KEY_UILaunchScreen_Generation[sdk=iphoneos*]" = YES;
				"INFOPLIST_KEY_UILaunchScreen_Generation[sdk=iphonesimulator*]" = YES;
				"INFOPLIST_KEY_UIStatusBarStyle[sdk=iphoneos*]" = UIStatusBarStyleDefault;
				"INFOPLIST_KEY_UIStatusBarStyle[sdk=iphonesimulator*]" = UIStatusBarStyleDefault;
				INFOPLIST_KEY_UISupportedInterfaceOrientations_iPad = "UIInterfaceOrientationPortrait UIInterfaceOrientationPortraitUpsideDown UIInterfaceOrientationLandscapeLeft UIInterfaceOrientationLandscapeRight";
				INFOPLIST_KEY_UISupportedInterfaceOrientations_iPhone = "UIInterfaceOrientationPortrait UIInterfaceOrientationLandscapeLeft UIInterfaceOrientationLandscapeRight";
				IPHONEOS_DEPLOYMENT_TARGET = 16;
				LD_RUNPATH_SEARCH_PATHS = "@executable_path/Frameworks";
				"LD_RUNPATH_SEARCH_PATHS[sdk=macosx*]" = "@executable_path/../Frameworks";
				MACOSX_DEPLOYMENT_TARGET = 15.0;
				MARKETING_VERSION = 1.0;
				PRODUCT_BUNDLE_IDENTIFIER = "boad-system.KeyboardToolbarViewController-2";
				PRODUCT_NAME = "$(TARGET_NAME)";
				SDKROOT = auto;
				SUPPORTED_PLATFORMS = "iphoneos iphonesimulator macosx xros xrsimulator";
				SWIFT_EMIT_LOC_STRINGS = YES;
				SWIFT_VERSION = 5.0;
				TARGETED_DEVICE_FAMILY = "1,2,7";
				XROS_DEPLOYMENT_TARGET = 2.2;
			};
			name = Debug;
		};
		18EF75F72E86763C0089D840 /* Release */ = {
			isa = XCBuildConfiguration;
			buildSettings = {
				ASSETCATALOG_COMPILER_APPICON_NAME = AppIcon;
				ASSETCATALOG_COMPILER_GLOBAL_ACCENT_COLOR_NAME = AccentColor;
				CODE_SIGN_ENTITLEMENTS = KeyboardToolbarViewController_2/KeyboardToolbarViewController_2.entitlements;
				CODE_SIGN_STYLE = Automatic;
				CURRENT_PROJECT_VERSION = 1;
				DEVELOPMENT_ASSET_PATHS = "\"KeyboardToolbarViewController_2/Preview Content\"";
				DEVELOPMENT_TEAM = 36Z8VP4JN8;
				ENABLE_HARDENED_RUNTIME = YES;
				ENABLE_PREVIEWS = YES;
				GENERATE_INFOPLIST_FILE = YES;
				"INFOPLIST_KEY_UIApplicationSceneManifest_Generation[sdk=iphoneos*]" = YES;
				"INFOPLIST_KEY_UIApplicationSceneManifest_Generation[sdk=iphonesimulator*]" = YES;
				"INFOPLIST_KEY_UIApplicationSupportsIndirectInputEvents[sdk=iphoneos*]" = YES;
				"INFOPLIST_KEY_UIApplicationSupportsIndirectInputEvents[sdk=iphonesimulator*]" = YES;
				"INFOPLIST_KEY_UILaunchScreen_Generation[sdk=iphoneos*]" = YES;
				"INFOPLIST_KEY_UILaunchScreen_Generation[sdk=iphonesimulator*]" = YES;
				"INFOPLIST_KEY_UIStatusBarStyle[sdk=iphoneos*]" = UIStatusBarStyleDefault;
				"INFOPLIST_KEY_UIStatusBarStyle[sdk=iphonesimulator*]" = UIStatusBarStyleDefault;
				INFOPLIST_KEY_UISupportedInterfaceOrientations_iPad = "UIInterfaceOrientationPortrait UIInterfaceOrientationPortraitUpsideDown UIInterfaceOrientationLandscapeLeft UIInterfaceOrientationLandscapeRight";
				INFOPLIST_KEY_UISupportedInterfaceOrientations_iPhone = "UIInterfaceOrientationPortrait UIInterfaceOrientationLandscapeLeft UIInterfaceOrientationLandscapeRight";
				IPHONEOS_DEPLOYMENT_TARGET = 16;
				LD_RUNPATH_SEARCH_PATHS = "@executable_path/Frameworks";
				"LD_RUNPATH_SEARCH_PATHS[sdk=macosx*]" = "@executable_path/../Frameworks";
				MACOSX_DEPLOYMENT_TARGET = 15.0;
				MARKETING_VERSION = 1.0;
				PRODUCT_BUNDLE_IDENTIFIER = "boad-system.KeyboardToolbarViewController-2";
				PRODUCT_NAME = "$(TARGET_NAME)";
				SDKROOT = auto;
				SUPPORTED_PLATFORMS = "iphoneos iphonesimulator macosx xros xrsimulator";
				SWIFT_EMIT_LOC_STRINGS = YES;
				SWIFT_VERSION = 5.0;
				TARGETED_DEVICE_FAMILY = "1,2,7";
				XROS_DEPLOYMENT_TARGET = 2.2;
			};
			name = Release;
		};
		18EF75F92E86763C0089D840 /* Debug */ = {
			isa = XCBuildConfiguration;
			buildSettings = {
				BUNDLE_LOADER = "$(TEST_HOST)";
				CODE_SIGN_STYLE = Automatic;
				CURRENT_PROJECT_VERSION = 1;
				DEVELOPMENT_TEAM = 36Z8VP4JN8;
				GENERATE_INFOPLIST_FILE = YES;
				IPHONEOS_DEPLOYMENT_TARGET = 18.2;
				MACOSX_DEPLOYMENT_TARGET = 15.0;
				MARKETING_VERSION = 1.0;
				PRODUCT_BUNDLE_IDENTIFIER = "boad-system.KeyboardToolbarViewController-2Tests";
				PRODUCT_NAME = "$(TARGET_NAME)";
				SDKROOT = auto;
				SUPPORTED_PLATFORMS = "iphoneos iphonesimulator macosx xros xrsimulator";
				SWIFT_EMIT_LOC_STRINGS = NO;
				SWIFT_VERSION = 5.0;
				TARGETED_DEVICE_FAMILY = "1,2,7";
				TEST_HOST = "$(BUILT_PRODUCTS_DIR)/KeyboardToolbarViewController_2.app/$(BUNDLE_EXECUTABLE_FOLDER_PATH)/KeyboardToolbarViewController_2";
				XROS_DEPLOYMENT_TARGET = 2.2;
			};
			name = Debug;
		};
		18EF75FA2E86763C0089D840 /* Release */ = {
			isa = XCBuildConfiguration;
			buildSettings = {
				BUNDLE_LOADER = "$(TEST_HOST)";
				CODE_SIGN_STYLE = Automatic;
				CURRENT_PROJECT_VERSION = 1;
				DEVELOPMENT_TEAM = 36Z8VP4JN8;
				GENERATE_INFOPLIST_FILE = YES;
				IPHONEOS_DEPLOYMENT_TARGET = 18.2;
				MACOSX_DEPLOYMENT_TARGET = 15.0;
				MARKETING_VERSION = 1.0;
				PRODUCT_BUNDLE_IDENTIFIER = "boad-system.KeyboardToolbarViewController-2Tests";
				PRODUCT_NAME = "$(TARGET_NAME)";
				SDKROOT = auto;
				SUPPORTED_PLATFORMS = "iphoneos iphonesimulator macosx xros xrsimulator";
				SWIFT_EMIT_LOC_STRINGS = NO;
				SWIFT_VERSION = 5.0;
				TARGETED_DEVICE_FAMILY = "1,2,7";
				TEST_HOST = "$(BUILT_PRODUCTS_DIR)/KeyboardToolbarViewController_2.app/$(BUNDLE_EXECUTABLE_FOLDER_PATH)/KeyboardToolbarViewController_2";
				XROS_DEPLOYMENT_TARGET = 2.2;
			};
			name = Release;
		};
		18EF75FC2E86763C0089D840 /* Debug */ = {
			isa = XCBuildConfiguration;
			buildSettings = {
				CODE_SIGN_STYLE = Automatic;
				CURRENT_PROJECT_VERSION = 1;
				DEVELOPMENT_TEAM = 36Z8VP4JN8;
				GENERATE_INFOPLIST_FILE = YES;
				IPHONEOS_DEPLOYMENT_TARGET = 18.2;
				MACOSX_DEPLOYMENT_TARGET = 15.0;
				MARKETING_VERSION = 1.0;
				PRODUCT_BUNDLE_IDENTIFIER = "boad-system.KeyboardToolbarViewController-2UITests";
				PRODUCT_NAME = "$(TARGET_NAME)";
				SDKROOT = auto;
				SUPPORTED_PLATFORMS = "iphoneos iphonesimulator macosx xros xrsimulator";
				SWIFT_EMIT_LOC_STRINGS = NO;
				SWIFT_VERSION = 5.0;
				TARGETED_DEVICE_FAMILY = "1,2,7";
				TEST_TARGET_NAME = KeyboardToolbarViewController_2;
				XROS_DEPLOYMENT_TARGET = 2.2;
			};
			name = Debug;
		};
		18EF75FD2E86763C0089D840 /* Release */ = {
			isa = XCBuildConfiguration;
			buildSettings = {
				CODE_SIGN_STYLE = Automatic;
				CURRENT_PROJECT_VERSION = 1;
				DEVELOPMENT_TEAM = 36Z8VP4JN8;
				GENERATE_INFOPLIST_FILE = YES;
				IPHONEOS_DEPLOYMENT_TARGET = 18.2;
				MACOSX_DEPLOYMENT_TARGET = 15.0;
				MARKETING_VERSION = 1.0;
				PRODUCT_BUNDLE_IDENTIFIER = "boad-system.KeyboardToolbarViewController-2UITests";
				PRODUCT_NAME = "$(TARGET_NAME)";
				SDKROOT = auto;
				SUPPORTED_PLATFORMS = "iphoneos iphonesimulator macosx xros xrsimulator";
				SWIFT_EMIT_LOC_STRINGS = NO;
				SWIFT_VERSION = 5.0;
				TARGETED_DEVICE_FAMILY = "1,2,7";
				TEST_TARGET_NAME = KeyboardToolbarViewController_2;
				XROS_DEPLOYMENT_TARGET = 2.2;
			};
			name = Release;
		};
/* End XCBuildConfiguration section */

/* Begin XCConfigurationList section */
		18EF75C62E86763A0089D840 /* Build configuration list for PBXProject "KeyboardToolbarViewController_2" */ = {
			isa = XCConfigurationList;
			buildConfigurations = (
				18EF75F32E86763C0089D840 /* Debug */,
				18EF75F42E86763C0089D840 /* Release */,
			);
			defaultConfigurationIsVisible = 0;
			defaultConfigurationName = Release;
		};
		18EF75F52E86763C0089D840 /* Build configuration list for PBXNativeTarget "KeyboardToolbarViewController_2" */ = {
			isa = XCConfigurationList;
			buildConfigurations = (
				18EF75F62E86763C0089D840 /* Debug */,
				18EF75F72E86763C0089D840 /* Release */,
			);
			defaultConfigurationIsVisible = 0;
			defaultConfigurationName = Release;
		};
		18EF75F82E86763C0089D840 /* Build configuration list for PBXNativeTarget "KeyboardToolbarViewController_2Tests" */ = {
			isa = XCConfigurationList;
			buildConfigurations = (
				18EF75F92E86763C0089D840 /* Debug */,
				18EF75FA2E86763C0089D840 /* Release */,
			);
			defaultConfigurationIsVisible = 0;
			defaultConfigurationName = Release;
		};
		18EF75FB2E86763C0089D840 /* Build configuration list for PBXNativeTarget "KeyboardToolbarViewController_2UITests" */ = {
			isa = XCConfigurationList;
			buildConfigurations = (
				18EF75FC2E86763C0089D840 /* Debug */,
				18EF75FD2E86763C0089D840 /* Release */,
			);
			defaultConfigurationIsVisible = 0;
			defaultConfigurationName = Release;
		};
/* End XCConfigurationList section */
	};
	rootObject = 18EF75C32E86763A0089D840 /* Project object */;
}
